
Microsoft Visual Studio Solution File, Format Version 12.00
# Visual Studio Version 16
VisualStudioVersion = 16.0.30517.126
MinimumVisualStudioVersion = 10.0.40219.1
Project("{9A19103F-16F7-4668-BE54-9A1E7A4F7556}") = "WebApi", "WebApi\WebApi.csproj", "{2EE5587A-1F68-4C8E-A76C-A9402B20FFCA}"
EndProject
Project("{9A19103F-16F7-4668-BE54-9A1E7A4F7556}") = "Cortex", "Cortex\Cortex.csproj", "{03709FBC-CA3A-4905-A81E-0905D3388E4A}"
EndProject
Project("{9A19103F-16F7-4668-BE54-9A1E7A4F7556}") = "Repositorio", "Repositorio\Repositorio.csproj", "{13556F7C-9510-42EA-9B49-36532B07CD05}"
EndProject
Project("{FAE04EC0-301F-11D3-BF4B-00C04F79EFBC}") = "Teste", "Teste\Teste.csproj", "{C23DEB65-B007-4FB3-AAF6-837F8A93C5D7}"
EndProject
Project("{FAE04EC0-301F-11D3-BF4B-00C04F79EFBC}") = "Mock.Repositorio", "Mock.Repositorio\Mock.Repositorio.csproj", "{C4661AF2-0850-4075-8854-705D66C331AB}"
EndProject
Global
	GlobalSection(SolutionConfigurationPlatforms) = preSolution
		Debug|Any CPU = Debug|Any CPU
		Release|Any CPU = Release|Any CPU
	EndGlobalSection
	GlobalSection(ProjectConfigurationPlatforms) = postSolution
		{2EE5587A-1F68-4C8E-A76C-A9402B20FFCA}.Debug|Any CPU.ActiveCfg = Debug|Any CPU
		{2EE5587A-1F68-4C8E-A76C-A9402B20FFCA}.Debug|Any CPU.Build.0 = Debug|Any CPU
		{2EE5587A-1F68-4C8E-A76C-A9402B20FFCA}.Release|Any CPU.ActiveCfg = Release|Any CPU
		{2EE5587A-1F68-4C8E-A76C-A9402B20FFCA}.Release|Any CPU.Build.0 = Release|Any CPU
		{03709FBC-CA3A-4905-A81E-0905D3388E4A}.Debug|Any CPU.ActiveCfg = Debug|Any CPU
		{03709FBC-CA3A-4905-A81E-0905D3388E4A}.Debug|Any CPU.Build.0 = Debug|Any CPU
		{03709FBC-CA3A-4905-A81E-0905D3388E4A}.Release|Any CPU.ActiveCfg = Release|Any CPU
		{03709FBC-CA3A-4905-A81E-0905D3388E4A}.Release|Any CPU.Build.0 = Release|Any CPU
		{13556F7C-9510-42EA-9B49-36532B07CD05}.Debug|Any CPU.ActiveCfg = Debug|Any CPU
		{13556F7C-9510-42EA-9B49-36532B07CD05}.Debug|Any CPU.Build.0 = Debug|Any CPU
		{13556F7C-9510-42EA-9B49-36532B07CD05}.Release|Any CPU.ActiveCfg = Release|Any CPU
		{13556F7C-9510-42EA-9B49-36532B07CD05}.Release|Any CPU.Build.0 = Release|Any CPU
		{C23DEB65-B007-4FB3-AAF6-837F8A93C5D7}.Debug|Any CPU.ActiveCfg = Debug|Any CPU
		{C23DEB65-B007-4FB3-AAF6-837F8A93C5D7}.Debug|Any CPU.Build.0 = Debug|Any CPU
		{C23DEB65-B007-4FB3-AAF6-837F8A93C5D7}.Release|Any CPU.ActiveCfg = Release|Any CPU
		{C23DEB65-B007-4FB3-AAF6-837F8A93C5D7}.Release|Any CPU.Build.0 = Release|Any CPU
		{C4661AF2-0850-4075-8854-705D66C331AB}.Debug|Any CPU.ActiveCfg = Debug|Any CPU
		{C4661AF2-0850-4075-8854-705D66C331AB}.Debug|Any CPU.Build.0 = Debug|Any CPU
		{C4661AF2-0850-4075-8854-705D66C331AB}.Release|Any CPU.ActiveCfg = Release|Any CPU
		{C4661AF2-0850-4075-8854-705D66C331AB}.Release|Any CPU.Build.0 = Release|Any CPU
	EndGlobalSection
	GlobalSection(SolutionProperties) = preSolution
		HideSolutionNode = FALSE
	EndGlobalSection
	GlobalSection(ExtensibilityGlobals) = postSolution
		SolutionGuid = {31DC8770-5C96-4C57-B4D0-21134D13F93D}
	EndGlobalSection
EndGlobal
